
Microsoft Visual Studio Solution File, Format Version 12.00
# Visual Studio Version 17
VisualStudioVersion = 17.1.31911.260
MinimumVisualStudioVersion = 10.0.40219.1
Project("{FAE04EC0-301F-11D3-BF4B-00C04F79EFBC}") = "ApiClientApp", "ApiClientApp.csproj", "{7207E390-3CB7-410A-ACDC-CC9AFF12BEBC}"
EndProject
Global
	GlobalSection(SolutionConfigurationPlatforms) = preSolution
		Debug|Any CPU = Debug|Any CPU
		Release|Any CPU = Release|Any CPU
	EndGlobalSection
	GlobalSection(ProjectConfigurationPlatforms) = postSolution
		{7207E390-3CB7-410A-ACDC-CC9AFF12BEBC}.Debug|Any CPU.ActiveCfg = Debug|Any CPU
		{7207E390-3CB7-410A-ACDC-CC9AFF12BEBC}.Debug|Any CPU.Build.0 = Debug|Any CPU
		{7207E390-3CB7-410A-ACDC-CC9AFF12BEBC}.Release|Any CPU.ActiveCfg = Release|Any CPU
		{7207E390-3CB7-410A-ACDC-CC9AFF12BEBC}.Release|Any CPU.Build.0 = Release|Any CPU
	EndGlobalSection
	GlobalSection(SolutionProperties) = preSolution
		HideSolutionNode = FALSE
	EndGlobalSection
	GlobalSection(ExtensibilityGlobals) = postSolution
		SolutionGuid = {FECA40D4-5602-44B7-A41A-CEE0A4422591}
	EndGlobalSection
EndGlobal
